
Microsoft Visual Studio Solution File, Format Version 12.00
# Visual Studio Version 17
VisualStudioVersion = 17.9.34616.47
MinimumVisualStudioVersion = 10.0.40219.1
Project("{9A19103F-16F7-4668-BE54-9A1E7A4F7556}") = "3xamen2Rene", "3xamen2Rene.csproj", "{3B06B76C-8495-4B98-A8A9-F009E2ABD253}"
EndProject
Global
	GlobalSection(SolutionConfigurationPlatforms) = preSolution
		Debug|Any CPU = Debug|Any CPU
		Release|Any CPU = Release|Any CPU
	EndGlobalSection
	GlobalSection(ProjectConfigurationPlatforms) = postSolution
		{3B06B76C-8495-4B98-A8A9-F009E2ABD253}.Debug|Any CPU.ActiveCfg = Debug|Any CPU
		{3B06B76C-8495-4B98-A8A9-F009E2ABD253}.Debug|Any CPU.Build.0 = Debug|Any CPU
		{3B06B76C-8495-4B98-A8A9-F009E2ABD253}.Release|Any CPU.ActiveCfg = Release|Any CPU
		{3B06B76C-8495-4B98-A8A9-F009E2ABD253}.Release|Any CPU.Build.0 = Release|Any CPU
	EndGlobalSection
	GlobalSection(SolutionProperties) = preSolution
		HideSolutionNode = FALSE
	EndGlobalSection
	GlobalSection(ExtensibilityGlobals) = postSolution
		SolutionGuid = {78086AC5-5B06-4A4A-B97D-D2B933DCA75D}
	EndGlobalSection
EndGlobal
